
Microsoft Visual Studio Solution File, Format Version 12.00
# Visual Studio Version 16
VisualStudioVersion = 16.0.29613.14
MinimumVisualStudioVersion = 10.0.40219.1
Project("{FAE04EC0-301F-11D3-BF4B-00C04F79EFBC}") = "Web", "EmployeeDatabaseSystem\Web.csproj", "{BFDD8EE5-7928-4514-888E-726FAECE0466}"
EndProject
Project("{FAE04EC0-301F-11D3-BF4B-00C04F79EFBC}") = "App.Domain", "App.Domain\App.Domain.csproj", "{A63DACFB-C1CD-4A0B-8014-DC42B03F00E0}"
EndProject
Project("{FAE04EC0-301F-11D3-BF4B-00C04F79EFBC}") = "App.Models", "App.Models\App.Models.csproj", "{754C2026-51DB-4693-8BDA-2A430200EFC1}"
EndProject
Project("{FAE04EC0-301F-11D3-BF4B-00C04F79EFBC}") = "Infrastructures", "App.Services\Infrastructures.csproj", "{8ECD3EB4-93B1-4FD2-A18E-08D0DA428D0F}"
EndProject
Global
	GlobalSection(SolutionConfigurationPlatforms) = preSolution
		Debug|Any CPU = Debug|Any CPU
		Release|Any CPU = Release|Any CPU
	EndGlobalSection
	GlobalSection(ProjectConfigurationPlatforms) = postSolution
		{BFDD8EE5-7928-4514-888E-726FAECE0466}.Debug|Any CPU.ActiveCfg = Debug|Any CPU
		{BFDD8EE5-7928-4514-888E-726FAECE0466}.Debug|Any CPU.Build.0 = Debug|Any CPU
		{BFDD8EE5-7928-4514-888E-726FAECE0466}.Release|Any CPU.ActiveCfg = Release|Any CPU
		{BFDD8EE5-7928-4514-888E-726FAECE0466}.Release|Any CPU.Build.0 = Release|Any CPU
		{A63DACFB-C1CD-4A0B-8014-DC42B03F00E0}.Debug|Any CPU.ActiveCfg = Debug|Any CPU
		{A63DACFB-C1CD-4A0B-8014-DC42B03F00E0}.Debug|Any CPU.Build.0 = Debug|Any CPU
		{A63DACFB-C1CD-4A0B-8014-DC42B03F00E0}.Release|Any CPU.ActiveCfg = Release|Any CPU
		{A63DACFB-C1CD-4A0B-8014-DC42B03F00E0}.Release|Any CPU.Build.0 = Release|Any CPU
		{754C2026-51DB-4693-8BDA-2A430200EFC1}.Debug|Any CPU.ActiveCfg = Debug|Any CPU
		{754C2026-51DB-4693-8BDA-2A430200EFC1}.Debug|Any CPU.Build.0 = Debug|Any CPU
		{754C2026-51DB-4693-8BDA-2A430200EFC1}.Release|Any CPU.ActiveCfg = Release|Any CPU
		{754C2026-51DB-4693-8BDA-2A430200EFC1}.Release|Any CPU.Build.0 = Release|Any CPU
		{8ECD3EB4-93B1-4FD2-A18E-08D0DA428D0F}.Debug|Any CPU.ActiveCfg = Debug|Any CPU
		{8ECD3EB4-93B1-4FD2-A18E-08D0DA428D0F}.Debug|Any CPU.Build.0 = Debug|Any CPU
		{8ECD3EB4-93B1-4FD2-A18E-08D0DA428D0F}.Release|Any CPU.ActiveCfg = Release|Any CPU
		{8ECD3EB4-93B1-4FD2-A18E-08D0DA428D0F}.Release|Any CPU.Build.0 = Release|Any CPU
	EndGlobalSection
	GlobalSection(SolutionProperties) = preSolution
		HideSolutionNode = FALSE
	EndGlobalSection
	GlobalSection(ExtensibilityGlobals) = postSolution
		SolutionGuid = {759C9CC7-B7F9-409F-BE0B-5F95A9018D64}
	EndGlobalSection
EndGlobal
