{
  "requires": true,
  "lockfileVersion": 1,
  "dependencies": {
    "@popperjs/core": {
      "version": "2.1.1",
      "resolved": "https://registry.npmjs.org/@popperjs/core/-/core-2.1.1.tgz",
      "integrity": "sha512-sLqWxCzC5/QHLhziXSCAksBxHfOnQlhPRVgPK0egEw+ktWvG75T2k+aYWVjVh9+WKeT3tlG3ZNbZQvZLmfuOIw=="
    },
    "popper.js": {
      "version": "1.16.1",
      "resolved": "https://registry.npmjs.org/popper.js/-/popper.js-1.16.1.tgz",
      "integrity": "sha512-Wb4p1J4zyFTbM+u6WuO4XstYx4Ky9Cewe4DWrel7B0w6VVICvPwdOpotjzcf6eD8TsckVnIMNONQyPIUFOUbCQ=="
    },
    "sweetalert2": {
      "version": "9.17.1",
      "resolved": "https://registry.npmjs.org/sweetalert2/-/sweetalert2-9.17.1.tgz",
      "integrity": "sha512-D/VE2lT/bKd64/RBglLUtQ+3nsftzjzIiP2iqN6zPzPwf+2djIY+4k8Bg430zxRUn4DkZzyIuU58q3n0J43lvw=="
    }
  }
}
